
Microsoft Visual Studio Solution File, Format Version 12.00
# Visual Studio Version 17
VisualStudioVersion = 17.6.33815.320
MinimumVisualStudioVersion = 10.0.40219.1
Project("{FAE04EC0-301F-11D3-BF4B-00C04F79EFBC}") = "waAdmision", "waAdmision\waAdmision.csproj", "{4623368F-881B-4928-BAEB-017E50B855BE}"
EndProject
Global
	GlobalSection(SolutionConfigurationPlatforms) = preSolution
		Debug|Any CPU = Debug|Any CPU
		Release|Any CPU = Release|Any CPU
	EndGlobalSection
	GlobalSection(ProjectConfigurationPlatforms) = postSolution
		{4623368F-881B-4928-BAEB-017E50B855BE}.Debug|Any CPU.ActiveCfg = Debug|Any CPU
		{4623368F-881B-4928-BAEB-017E50B855BE}.Debug|Any CPU.Build.0 = Debug|Any CPU
		{4623368F-881B-4928-BAEB-017E50B855BE}.Release|Any CPU.ActiveCfg = Release|Any CPU
		{4623368F-881B-4928-BAEB-017E50B855BE}.Release|Any CPU.Build.0 = Release|Any CPU
	EndGlobalSection
	GlobalSection(SolutionProperties) = preSolution
		HideSolutionNode = FALSE
	EndGlobalSection
	GlobalSection(ExtensibilityGlobals) = postSolution
		SolutionGuid = {93F59D9E-235D-4DAD-A8A4-2914B059FA73}
	EndGlobalSection
EndGlobal
